{
	"name": "language-configuration-perl6",
	"version": "0.0.2",
	"lockfileVersion": 1,
	"requires": true,
	"dependencies": {
		"coffeescript": {
			"version": "1.12.7",
			"resolved": "https://registry.npmjs.org/coffeescript/-/coffeescript-1.12.7.tgz",
			"integrity": "sha512-pLXHFxQMPklVoEekowk8b3erNynC+DVJzChxS/LCBBgR6/8AJkHivkm//zbowcfc7BTCAjryuhx6gPqPRfsFoA==",
			"dev": true
		},
		"cson-parser": {
			"version": "4.0.2",
			"resolved": "https://registry.npmjs.org/cson-parser/-/cson-parser-4.0.2.tgz",
			"integrity": "sha512-m+PjdajOJRSeLPbYdY04WnuuN+eO4zvkrYmbn/06a9POHx5hCj8tEzVux+/F7eiZwzOV3u0R1WpAoCpCDSOmJg==",
			"dev": true,
			"requires": {
				"coffeescript": "^1.10.0"
			}
		}
	}
}
